
Microsoft Visual Studio Solution File, Format Version 12.00
# Visual Studio Version 16
VisualStudioVersion = 16.0.33214.272
MinimumVisualStudioVersion = 10.0.40219.1
Project("{FAE04EC0-301F-11D3-BF4B-00C04F79EFBC}") = "BackendCarWash", "BackendCarWash\BackendCarWash.csproj", "{16556AC8-EB9B-42F6-B2E4-B37D4B5E96C9}"
EndProject
Global
	GlobalSection(SolutionConfigurationPlatforms) = preSolution
		Debug|Any CPU = Debug|Any CPU
		Release|Any CPU = Release|Any CPU
	EndGlobalSection
	GlobalSection(ProjectConfigurationPlatforms) = postSolution
		{16556AC8-EB9B-42F6-B2E4-B37D4B5E96C9}.Debug|Any CPU.ActiveCfg = Debug|Any CPU
		{16556AC8-EB9B-42F6-B2E4-B37D4B5E96C9}.Debug|Any CPU.Build.0 = Debug|Any CPU
		{16556AC8-EB9B-42F6-B2E4-B37D4B5E96C9}.Release|Any CPU.ActiveCfg = Release|Any CPU
		{16556AC8-EB9B-42F6-B2E4-B37D4B5E96C9}.Release|Any CPU.Build.0 = Release|Any CPU
	EndGlobalSection
	GlobalSection(SolutionProperties) = preSolution
		HideSolutionNode = FALSE
	EndGlobalSection
	GlobalSection(ExtensibilityGlobals) = postSolution
		SolutionGuid = {3071B195-AB3C-40C4-8941-C6B584A3F302}
	EndGlobalSection
EndGlobal
